
Microsoft Visual Studio Solution File, Format Version 12.00
# Visual Studio Version 16
VisualStudioVersion = 16.0.29123.88
MinimumVisualStudioVersion = 10.0.40219.1
Project("{FAE04EC0-301F-11D3-BF4B-00C04F79EFBC}") = "Cw1", "Cw1.csproj", "{93AB879C-BEA2-477A-B880-BB45AEA43F36}"
EndProject
Global
	GlobalSection(SolutionConfigurationPlatforms) = preSolution
		Debug|Any CPU = Debug|Any CPU
		Release|Any CPU = Release|Any CPU
	EndGlobalSection
	GlobalSection(ProjectConfigurationPlatforms) = postSolution
		{93AB879C-BEA2-477A-B880-BB45AEA43F36}.Debug|Any CPU.ActiveCfg = Debug|Any CPU
		{93AB879C-BEA2-477A-B880-BB45AEA43F36}.Debug|Any CPU.Build.0 = Debug|Any CPU
		{93AB879C-BEA2-477A-B880-BB45AEA43F36}.Release|Any CPU.ActiveCfg = Release|Any CPU
		{93AB879C-BEA2-477A-B880-BB45AEA43F36}.Release|Any CPU.Build.0 = Release|Any CPU
	EndGlobalSection
	GlobalSection(SolutionProperties) = preSolution
		HideSolutionNode = FALSE
	EndGlobalSection
	GlobalSection(ExtensibilityGlobals) = postSolution
		SolutionGuid = {8EE45683-CBFC-4F2A-AFF4-5A5684666766}
	EndGlobalSection
EndGlobal
